
Microsoft Visual Studio Solution File, Format Version 12.00
# Visual Studio 14
VisualStudioVersion = 14.0.25420.1
MinimumVisualStudioVersion = 10.0.40219.1
Project("{FAE04EC0-301F-11D3-BF4B-00C04F79EFBC}") = "OneProductSite", "OneProductSite\OneProductSite.csproj", "{23DF09C0-7421-47E4-89B8-3C31FF29F7B8}"
EndProject
Project("{FAE04EC0-301F-11D3-BF4B-00C04F79EFBC}") = "OneProductSite.Tests", "OneProductSite.Tests\OneProductSite.Tests.csproj", "{B50D01B1-9322-4472-9396-101B4AD43636}"
EndProject
Project("{FAE04EC0-301F-11D3-BF4B-00C04F79EFBC}") = "FacebookPosting", "FacebookPosting\FacebookPosting.csproj", "{112FD5FA-0E72-41FF-A3AF-9954A580885B}"
EndProject
Project("{FAE04EC0-301F-11D3-BF4B-00C04F79EFBC}") = "MonaLisaWebApi", "MonaLisaWebApi\MonaLisaWebApi.csproj", "{B96628BA-657B-4185-A88E-64ABF48555F0}"
EndProject
Project("{2150E333-8FDC-42A3-9474-1A3956D46DE8}") = "Solution Items", "Solution Items", "{9CDF53A4-E958-456D-AEBA-B816CE321E65}"
	ProjectSection(SolutionItems) = preProject
		.travis.yml = .travis.yml
	EndProjectSection
EndProject
Project("{FAE04EC0-301F-11D3-BF4B-00C04F79EFBC}") = "PostingAdmin", "PostingAdmin\PostingAdmin.csproj", "{A440DC8C-F97A-4999-A191-E72E222670BD}"
EndProject
Global
	GlobalSection(SolutionConfigurationPlatforms) = preSolution
		Debug|Any CPU = Debug|Any CPU
		Debug|ARM = Debug|ARM
		Debug|x64 = Debug|x64
		Debug|x86 = Debug|x86
		Release|Any CPU = Release|Any CPU
		Release|ARM = Release|ARM
		Release|x64 = Release|x64
		Release|x86 = Release|x86
	EndGlobalSection
	GlobalSection(ProjectConfigurationPlatforms) = postSolution
		{23DF09C0-7421-47E4-89B8-3C31FF29F7B8}.Debug|Any CPU.ActiveCfg = Debug|Any CPU
		{23DF09C0-7421-47E4-89B8-3C31FF29F7B8}.Debug|Any CPU.Build.0 = Debug|Any CPU
		{23DF09C0-7421-47E4-89B8-3C31FF29F7B8}.Debug|ARM.ActiveCfg = Debug|Any CPU
		{23DF09C0-7421-47E4-89B8-3C31FF29F7B8}.Debug|ARM.Build.0 = Debug|Any CPU
		{23DF09C0-7421-47E4-89B8-3C31FF29F7B8}.Debug|x64.ActiveCfg = Debug|Any CPU
		{23DF09C0-7421-47E4-89B8-3C31FF29F7B8}.Debug|x64.Build.0 = Debug|Any CPU
		{23DF09C0-7421-47E4-89B8-3C31FF29F7B8}.Debug|x86.ActiveCfg = Debug|Any CPU
		{23DF09C0-7421-47E4-89B8-3C31FF29F7B8}.Debug|x86.Build.0 = Debug|Any CPU
		{23DF09C0-7421-47E4-89B8-3C31FF29F7B8}.Release|Any CPU.ActiveCfg = Release|Any CPU
		{23DF09C0-7421-47E4-89B8-3C31FF29F7B8}.Release|Any CPU.Build.0 = Release|Any CPU
		{23DF09C0-7421-47E4-89B8-3C31FF29F7B8}.Release|ARM.ActiveCfg = Release|Any CPU
		{23DF09C0-7421-47E4-89B8-3C31FF29F7B8}.Release|ARM.Build.0 = Release|Any CPU
		{23DF09C0-7421-47E4-89B8-3C31FF29F7B8}.Release|x64.ActiveCfg = Release|Any CPU
		{23DF09C0-7421-47E4-89B8-3C31FF29F7B8}.Release|x64.Build.0 = Release|Any CPU
		{23DF09C0-7421-47E4-89B8-3C31FF29F7B8}.Release|x86.ActiveCfg = Release|Any CPU
		{23DF09C0-7421-47E4-89B8-3C31FF29F7B8}.Release|x86.Build.0 = Release|Any CPU
		{B50D01B1-9322-4472-9396-101B4AD43636}.Debug|Any CPU.ActiveCfg = Debug|Any CPU
		{B50D01B1-9322-4472-9396-101B4AD43636}.Debug|Any CPU.Build.0 = Debug|Any CPU
		{B50D01B1-9322-4472-9396-101B4AD43636}.Debug|ARM.ActiveCfg = Debug|Any CPU
		{B50D01B1-9322-4472-9396-101B4AD43636}.Debug|ARM.Build.0 = Debug|Any CPU
		{B50D01B1-9322-4472-9396-101B4AD43636}.Debug|x64.ActiveCfg = Debug|Any CPU
		{B50D01B1-9322-4472-9396-101B4AD43636}.Debug|x64.Build.0 = Debug|Any CPU
		{B50D01B1-9322-4472-9396-101B4AD43636}.Debug|x86.ActiveCfg = Debug|Any CPU
		{B50D01B1-9322-4472-9396-101B4AD43636}.Debug|x86.Build.0 = Debug|Any CPU
		{B50D01B1-9322-4472-9396-101B4AD43636}.Release|Any CPU.ActiveCfg = Release|Any CPU
		{B50D01B1-9322-4472-9396-101B4AD43636}.Release|Any CPU.Build.0 = Release|Any CPU
		{B50D01B1-9322-4472-9396-101B4AD43636}.Release|ARM.ActiveCfg = Release|Any CPU
		{B50D01B1-9322-4472-9396-101B4AD43636}.Release|ARM.Build.0 = Release|Any CPU
		{B50D01B1-9322-4472-9396-101B4AD43636}.Release|x64.ActiveCfg = Release|Any CPU
		{B50D01B1-9322-4472-9396-101B4AD43636}.Release|x64.Build.0 = Release|Any CPU
		{B50D01B1-9322-4472-9396-101B4AD43636}.Release|x86.ActiveCfg = Release|Any CPU
		{B50D01B1-9322-4472-9396-101B4AD43636}.Release|x86.Build.0 = Release|Any CPU
		{112FD5FA-0E72-41FF-A3AF-9954A580885B}.Debug|Any CPU.ActiveCfg = Debug|Any CPU
		{112FD5FA-0E72-41FF-A3AF-9954A580885B}.Debug|Any CPU.Build.0 = Debug|Any CPU
		{112FD5FA-0E72-41FF-A3AF-9954A580885B}.Debug|ARM.ActiveCfg = Debug|Any CPU
		{112FD5FA-0E72-41FF-A3AF-9954A580885B}.Debug|ARM.Build.0 = Debug|Any CPU
		{112FD5FA-0E72-41FF-A3AF-9954A580885B}.Debug|x64.ActiveCfg = Debug|Any CPU
		{112FD5FA-0E72-41FF-A3AF-9954A580885B}.Debug|x64.Build.0 = Debug|Any CPU
		{112FD5FA-0E72-41FF-A3AF-9954A580885B}.Debug|x86.ActiveCfg = Debug|Any CPU
		{112FD5FA-0E72-41FF-A3AF-9954A580885B}.Debug|x86.Build.0 = Debug|Any CPU
		{112FD5FA-0E72-41FF-A3AF-9954A580885B}.Release|Any CPU.ActiveCfg = Release|Any CPU
		{112FD5FA-0E72-41FF-A3AF-9954A580885B}.Release|Any CPU.Build.0 = Release|Any CPU
		{112FD5FA-0E72-41FF-A3AF-9954A580885B}.Release|ARM.ActiveCfg = Release|Any CPU
		{112FD5FA-0E72-41FF-A3AF-9954A580885B}.Release|ARM.Build.0 = Release|Any CPU
		{112FD5FA-0E72-41FF-A3AF-9954A580885B}.Release|x64.ActiveCfg = Release|Any CPU
		{112FD5FA-0E72-41FF-A3AF-9954A580885B}.Release|x64.Build.0 = Release|Any CPU
		{112FD5FA-0E72-41FF-A3AF-9954A580885B}.Release|x86.ActiveCfg = Release|Any CPU
		{112FD5FA-0E72-41FF-A3AF-9954A580885B}.Release|x86.Build.0 = Release|Any CPU
		{B96628BA-657B-4185-A88E-64ABF48555F0}.Debug|Any CPU.ActiveCfg = Debug|Any CPU
		{B96628BA-657B-4185-A88E-64ABF48555F0}.Debug|Any CPU.Build.0 = Debug|Any CPU
		{B96628BA-657B-4185-A88E-64ABF48555F0}.Debug|ARM.ActiveCfg = Debug|Any CPU
		{B96628BA-657B-4185-A88E-64ABF48555F0}.Debug|ARM.Build.0 = Debug|Any CPU
		{B96628BA-657B-4185-A88E-64ABF48555F0}.Debug|x64.ActiveCfg = Debug|Any CPU
		{B96628BA-657B-4185-A88E-64ABF48555F0}.Debug|x64.Build.0 = Debug|Any CPU
		{B96628BA-657B-4185-A88E-64ABF48555F0}.Debug|x86.ActiveCfg = Debug|Any CPU
		{B96628BA-657B-4185-A88E-64ABF48555F0}.Debug|x86.Build.0 = Debug|Any CPU
		{B96628BA-657B-4185-A88E-64ABF48555F0}.Release|Any CPU.ActiveCfg = Release|Any CPU
		{B96628BA-657B-4185-A88E-64ABF48555F0}.Release|Any CPU.Build.0 = Release|Any CPU
		{B96628BA-657B-4185-A88E-64ABF48555F0}.Release|ARM.ActiveCfg = Release|Any CPU
		{B96628BA-657B-4185-A88E-64ABF48555F0}.Release|ARM.Build.0 = Release|Any CPU
		{B96628BA-657B-4185-A88E-64ABF48555F0}.Release|x64.ActiveCfg = Release|Any CPU
		{B96628BA-657B-4185-A88E-64ABF48555F0}.Release|x64.Build.0 = Release|Any CPU
		{B96628BA-657B-4185-A88E-64ABF48555F0}.Release|x86.ActiveCfg = Release|Any CPU
		{B96628BA-657B-4185-A88E-64ABF48555F0}.Release|x86.Build.0 = Release|Any CPU
		{A440DC8C-F97A-4999-A191-E72E222670BD}.Debug|Any CPU.ActiveCfg = Debug|Any CPU
		{A440DC8C-F97A-4999-A191-E72E222670BD}.Debug|Any CPU.Build.0 = Debug|Any CPU
		{A440DC8C-F97A-4999-A191-E72E222670BD}.Debug|ARM.ActiveCfg = Debug|Any CPU
		{A440DC8C-F97A-4999-A191-E72E222670BD}.Debug|ARM.Build.0 = Debug|Any CPU
		{A440DC8C-F97A-4999-A191-E72E222670BD}.Debug|x64.ActiveCfg = Debug|Any CPU
		{A440DC8C-F97A-4999-A191-E72E222670BD}.Debug|x64.Build.0 = Debug|Any CPU
		{A440DC8C-F97A-4999-A191-E72E222670BD}.Debug|x86.ActiveCfg = Debug|Any CPU
		{A440DC8C-F97A-4999-A191-E72E222670BD}.Debug|x86.Build.0 = Debug|Any CPU
		{A440DC8C-F97A-4999-A191-E72E222670BD}.Release|Any CPU.ActiveCfg = Release|Any CPU
		{A440DC8C-F97A-4999-A191-E72E222670BD}.Release|Any CPU.Build.0 = Release|Any CPU
		{A440DC8C-F97A-4999-A191-E72E222670BD}.Release|ARM.ActiveCfg = Release|Any CPU
		{A440DC8C-F97A-4999-A191-E72E222670BD}.Release|ARM.Build.0 = Release|Any CPU
		{A440DC8C-F97A-4999-A191-E72E222670BD}.Release|x64.ActiveCfg = Release|Any CPU
		{A440DC8C-F97A-4999-A191-E72E222670BD}.Release|x64.Build.0 = Release|Any CPU
		{A440DC8C-F97A-4999-A191-E72E222670BD}.Release|x86.ActiveCfg = Release|Any CPU
		{A440DC8C-F97A-4999-A191-E72E222670BD}.Release|x86.Build.0 = Release|Any CPU
	EndGlobalSection
	GlobalSection(SolutionProperties) = preSolution
		HideSolutionNode = FALSE
	EndGlobalSection
EndGlobal
