
Microsoft Visual Studio Solution File, Format Version 12.00
# Visual Studio 14
VisualStudioVersion = 14.0.25420.1
MinimumVisualStudioVersion = 10.0.40219.1
Project("{FAE04EC0-301F-11D3-BF4B-00C04F79EFBC}") = "OneProductSite", "OneProductSite\OneProductSite.csproj", "{23DF09C0-7421-47E4-89B8-3C31FF29F7B8}"
EndProject
Project("{FAE04EC0-301F-11D3-BF4B-00C04F79EFBC}") = "OneProductSite.Tests", "OneProductSite.Tests\OneProductSite.Tests.csproj", "{B50D01B1-9322-4472-9396-101B4AD43636}"
EndProject
Project("{FAE04EC0-301F-11D3-BF4B-00C04F79EFBC}") = "MonaLisaWebApi", "MonaLisaWebApi\MonaLisaWebApi.csproj", "{B96628BA-657B-4185-A88E-64ABF48555F0}"
EndProject
Project("{2150E333-8FDC-42A3-9474-1A3956D46DE8}") = "Solution Items", "Solution Items", "{9CDF53A4-E958-456D-AEBA-B816CE321E65}"
	ProjectSection(SolutionItems) = preProject
		.travis.yml = .travis.yml
	EndProjectSection
EndProject
Project("{FAE04EC0-301F-11D3-BF4B-00C04F79EFBC}") = "PostingAdmin", "PostingAdmin\PostingAdmin.csproj", "{A440DC8C-F97A-4999-A191-E72E222670BD}"
EndProject
Project("{FAE04EC0-301F-11D3-BF4B-00C04F79EFBC}") = "Mona.Webapi.Models", "Mona.Webapi.Models\Mona.Webapi.Models.csproj", "{1E965E48-E377-4934-91CF-06E5D1725256}"
EndProject
Project("{2150E333-8FDC-42A3-9474-1A3956D46DE8}") = "UnitTests", "UnitTests", "{9D82AE4F-E132-4584-AC47-57048E859AB1}"
EndProject
Project("{FAE04EC0-301F-11D3-BF4B-00C04F79EFBC}") = "MonaLisaWebApi.Tests", "UnitTests\MonaLisaWebApi.Tests\MonaLisaWebApi.Tests.csproj", "{819F2448-3279-4042-BE33-B2C4B380C731}"
EndProject
Project("{FAE04EC0-301F-11D3-BF4B-00C04F79EFBC}") = "SharedKernel.Data", "SharedKernel.Data\SharedKernel.Data.csproj", "{34ABFFD4-C2B4-4BE2-BD28-C8209BCA8DDF}"
EndProject
Project("{FAE04EC0-301F-11D3-BF4B-00C04F79EFBC}") = "SharedKernel", "SharedKernel\SharedKernel.csproj", "{165FA0DB-23C7-42D2-AE07-28C5F2D03B19}"
EndProject
Project("{2150E333-8FDC-42A3-9474-1A3956D46DE8}") = "Data", "Data", "{B43A7C49-BB30-4C2E-8568-1D9464F65092}"
EndProject
Project("{2150E333-8FDC-42A3-9474-1A3956D46DE8}") = "IntergrationTests", "IntergrationTests", "{A76100BE-5998-4EF9-9B53-A5CA0F558C53}"
EndProject
Project("{FAE04EC0-301F-11D3-BF4B-00C04F79EFBC}") = "SharedKernal.Data.IntegrationTests", "SharedKernal.Data.IntegrationTests\SharedKernal.Data.IntegrationTests.csproj", "{817877AB-2CD8-4D63-94AE-EA5EA659682D}"
EndProject
Project("{FAE04EC0-301F-11D3-BF4B-00C04F79EFBC}") = "Mona.SharedTestLib", "Mona.SharedTestLib\Mona.SharedTestLib.csproj", "{688C048B-13D8-4308-8A91-E88D2874C2BC}"
EndProject
Project("{FAE04EC0-301F-11D3-BF4B-00C04F79EFBC}") = "MonaLisaWebApi.Data", "MonaLisaWebApi.Data\MonaLisaWebApi.Data.csproj", "{915FF097-E10B-40BE-A62D-AB46E2B9C75D}"
EndProject
Project("{00D1A9C2-B5F0-4AF3-8072-F6C62B433612}") = "SharedKernel.DataMigration", "SharedKernel.DataMigration\SharedKernel.DataMigration.sqlproj", "{2AE3FF16-E61F-4AA4-8A65-336E84EC7427}"
EndProject
Global
	GlobalSection(SolutionConfigurationPlatforms) = preSolution
		Debug|Any CPU = Debug|Any CPU
		Debug|ARM = Debug|ARM
		Debug|x64 = Debug|x64
		Debug|x86 = Debug|x86
		Release|Any CPU = Release|Any CPU
		Release|ARM = Release|ARM
		Release|x64 = Release|x64
		Release|x86 = Release|x86
	EndGlobalSection
	GlobalSection(ProjectConfigurationPlatforms) = postSolution
		{23DF09C0-7421-47E4-89B8-3C31FF29F7B8}.Debug|Any CPU.ActiveCfg = Debug|Any CPU
		{23DF09C0-7421-47E4-89B8-3C31FF29F7B8}.Debug|Any CPU.Build.0 = Debug|Any CPU
		{23DF09C0-7421-47E4-89B8-3C31FF29F7B8}.Debug|ARM.ActiveCfg = Debug|Any CPU
		{23DF09C0-7421-47E4-89B8-3C31FF29F7B8}.Debug|ARM.Build.0 = Debug|Any CPU
		{23DF09C0-7421-47E4-89B8-3C31FF29F7B8}.Debug|x64.ActiveCfg = Debug|Any CPU
		{23DF09C0-7421-47E4-89B8-3C31FF29F7B8}.Debug|x64.Build.0 = Debug|Any CPU
		{23DF09C0-7421-47E4-89B8-3C31FF29F7B8}.Debug|x86.ActiveCfg = Debug|Any CPU
		{23DF09C0-7421-47E4-89B8-3C31FF29F7B8}.Debug|x86.Build.0 = Debug|Any CPU
		{23DF09C0-7421-47E4-89B8-3C31FF29F7B8}.Release|Any CPU.ActiveCfg = Release|Any CPU
		{23DF09C0-7421-47E4-89B8-3C31FF29F7B8}.Release|Any CPU.Build.0 = Release|Any CPU
		{23DF09C0-7421-47E4-89B8-3C31FF29F7B8}.Release|ARM.ActiveCfg = Release|Any CPU
		{23DF09C0-7421-47E4-89B8-3C31FF29F7B8}.Release|ARM.Build.0 = Release|Any CPU
		{23DF09C0-7421-47E4-89B8-3C31FF29F7B8}.Release|x64.ActiveCfg = Release|Any CPU
		{23DF09C0-7421-47E4-89B8-3C31FF29F7B8}.Release|x64.Build.0 = Release|Any CPU
		{23DF09C0-7421-47E4-89B8-3C31FF29F7B8}.Release|x86.ActiveCfg = Release|Any CPU
		{23DF09C0-7421-47E4-89B8-3C31FF29F7B8}.Release|x86.Build.0 = Release|Any CPU
		{B50D01B1-9322-4472-9396-101B4AD43636}.Debug|Any CPU.ActiveCfg = Debug|Any CPU
		{B50D01B1-9322-4472-9396-101B4AD43636}.Debug|Any CPU.Build.0 = Debug|Any CPU
		{B50D01B1-9322-4472-9396-101B4AD43636}.Debug|ARM.ActiveCfg = Debug|Any CPU
		{B50D01B1-9322-4472-9396-101B4AD43636}.Debug|ARM.Build.0 = Debug|Any CPU
		{B50D01B1-9322-4472-9396-101B4AD43636}.Debug|x64.ActiveCfg = Debug|Any CPU
		{B50D01B1-9322-4472-9396-101B4AD43636}.Debug|x64.Build.0 = Debug|Any CPU
		{B50D01B1-9322-4472-9396-101B4AD43636}.Debug|x86.ActiveCfg = Debug|Any CPU
		{B50D01B1-9322-4472-9396-101B4AD43636}.Debug|x86.Build.0 = Debug|Any CPU
		{B50D01B1-9322-4472-9396-101B4AD43636}.Release|Any CPU.ActiveCfg = Release|Any CPU
		{B50D01B1-9322-4472-9396-101B4AD43636}.Release|Any CPU.Build.0 = Release|Any CPU
		{B50D01B1-9322-4472-9396-101B4AD43636}.Release|ARM.ActiveCfg = Release|Any CPU
		{B50D01B1-9322-4472-9396-101B4AD43636}.Release|ARM.Build.0 = Release|Any CPU
		{B50D01B1-9322-4472-9396-101B4AD43636}.Release|x64.ActiveCfg = Release|Any CPU
		{B50D01B1-9322-4472-9396-101B4AD43636}.Release|x64.Build.0 = Release|Any CPU
		{B50D01B1-9322-4472-9396-101B4AD43636}.Release|x86.ActiveCfg = Release|Any CPU
		{B50D01B1-9322-4472-9396-101B4AD43636}.Release|x86.Build.0 = Release|Any CPU
		{B96628BA-657B-4185-A88E-64ABF48555F0}.Debug|Any CPU.ActiveCfg = Debug|Any CPU
		{B96628BA-657B-4185-A88E-64ABF48555F0}.Debug|Any CPU.Build.0 = Debug|Any CPU
		{B96628BA-657B-4185-A88E-64ABF48555F0}.Debug|ARM.ActiveCfg = Debug|Any CPU
		{B96628BA-657B-4185-A88E-64ABF48555F0}.Debug|ARM.Build.0 = Debug|Any CPU
		{B96628BA-657B-4185-A88E-64ABF48555F0}.Debug|x64.ActiveCfg = Debug|Any CPU
		{B96628BA-657B-4185-A88E-64ABF48555F0}.Debug|x64.Build.0 = Debug|Any CPU
		{B96628BA-657B-4185-A88E-64ABF48555F0}.Debug|x86.ActiveCfg = Debug|Any CPU
		{B96628BA-657B-4185-A88E-64ABF48555F0}.Debug|x86.Build.0 = Debug|Any CPU
		{B96628BA-657B-4185-A88E-64ABF48555F0}.Release|Any CPU.ActiveCfg = Release|Any CPU
		{B96628BA-657B-4185-A88E-64ABF48555F0}.Release|Any CPU.Build.0 = Release|Any CPU
		{B96628BA-657B-4185-A88E-64ABF48555F0}.Release|ARM.ActiveCfg = Release|Any CPU
		{B96628BA-657B-4185-A88E-64ABF48555F0}.Release|ARM.Build.0 = Release|Any CPU
		{B96628BA-657B-4185-A88E-64ABF48555F0}.Release|x64.ActiveCfg = Release|Any CPU
		{B96628BA-657B-4185-A88E-64ABF48555F0}.Release|x64.Build.0 = Release|Any CPU
		{B96628BA-657B-4185-A88E-64ABF48555F0}.Release|x86.ActiveCfg = Release|Any CPU
		{B96628BA-657B-4185-A88E-64ABF48555F0}.Release|x86.Build.0 = Release|Any CPU
		{A440DC8C-F97A-4999-A191-E72E222670BD}.Debug|Any CPU.ActiveCfg = Debug|Any CPU
		{A440DC8C-F97A-4999-A191-E72E222670BD}.Debug|Any CPU.Build.0 = Debug|Any CPU
		{A440DC8C-F97A-4999-A191-E72E222670BD}.Debug|ARM.ActiveCfg = Debug|Any CPU
		{A440DC8C-F97A-4999-A191-E72E222670BD}.Debug|ARM.Build.0 = Debug|Any CPU
		{A440DC8C-F97A-4999-A191-E72E222670BD}.Debug|x64.ActiveCfg = Debug|Any CPU
		{A440DC8C-F97A-4999-A191-E72E222670BD}.Debug|x64.Build.0 = Debug|Any CPU
		{A440DC8C-F97A-4999-A191-E72E222670BD}.Debug|x86.ActiveCfg = Debug|Any CPU
		{A440DC8C-F97A-4999-A191-E72E222670BD}.Debug|x86.Build.0 = Debug|Any CPU
		{A440DC8C-F97A-4999-A191-E72E222670BD}.Release|Any CPU.ActiveCfg = Release|Any CPU
		{A440DC8C-F97A-4999-A191-E72E222670BD}.Release|Any CPU.Build.0 = Release|Any CPU
		{A440DC8C-F97A-4999-A191-E72E222670BD}.Release|ARM.ActiveCfg = Release|Any CPU
		{A440DC8C-F97A-4999-A191-E72E222670BD}.Release|ARM.Build.0 = Release|Any CPU
		{A440DC8C-F97A-4999-A191-E72E222670BD}.Release|x64.ActiveCfg = Release|Any CPU
		{A440DC8C-F97A-4999-A191-E72E222670BD}.Release|x64.Build.0 = Release|Any CPU
		{A440DC8C-F97A-4999-A191-E72E222670BD}.Release|x86.ActiveCfg = Release|Any CPU
		{A440DC8C-F97A-4999-A191-E72E222670BD}.Release|x86.Build.0 = Release|Any CPU
		{1E965E48-E377-4934-91CF-06E5D1725256}.Debug|Any CPU.ActiveCfg = Debug|Any CPU
		{1E965E48-E377-4934-91CF-06E5D1725256}.Debug|Any CPU.Build.0 = Debug|Any CPU
		{1E965E48-E377-4934-91CF-06E5D1725256}.Debug|ARM.ActiveCfg = Debug|Any CPU
		{1E965E48-E377-4934-91CF-06E5D1725256}.Debug|ARM.Build.0 = Debug|Any CPU
		{1E965E48-E377-4934-91CF-06E5D1725256}.Debug|x64.ActiveCfg = Debug|Any CPU
		{1E965E48-E377-4934-91CF-06E5D1725256}.Debug|x64.Build.0 = Debug|Any CPU
		{1E965E48-E377-4934-91CF-06E5D1725256}.Debug|x86.ActiveCfg = Debug|Any CPU
		{1E965E48-E377-4934-91CF-06E5D1725256}.Debug|x86.Build.0 = Debug|Any CPU
		{1E965E48-E377-4934-91CF-06E5D1725256}.Release|Any CPU.ActiveCfg = Release|Any CPU
		{1E965E48-E377-4934-91CF-06E5D1725256}.Release|Any CPU.Build.0 = Release|Any CPU
		{1E965E48-E377-4934-91CF-06E5D1725256}.Release|ARM.ActiveCfg = Release|Any CPU
		{1E965E48-E377-4934-91CF-06E5D1725256}.Release|ARM.Build.0 = Release|Any CPU
		{1E965E48-E377-4934-91CF-06E5D1725256}.Release|x64.ActiveCfg = Release|Any CPU
		{1E965E48-E377-4934-91CF-06E5D1725256}.Release|x64.Build.0 = Release|Any CPU
		{1E965E48-E377-4934-91CF-06E5D1725256}.Release|x86.ActiveCfg = Release|Any CPU
		{1E965E48-E377-4934-91CF-06E5D1725256}.Release|x86.Build.0 = Release|Any CPU
		{819F2448-3279-4042-BE33-B2C4B380C731}.Debug|Any CPU.ActiveCfg = Debug|Any CPU
		{819F2448-3279-4042-BE33-B2C4B380C731}.Debug|Any CPU.Build.0 = Debug|Any CPU
		{819F2448-3279-4042-BE33-B2C4B380C731}.Debug|ARM.ActiveCfg = Debug|Any CPU
		{819F2448-3279-4042-BE33-B2C4B380C731}.Debug|ARM.Build.0 = Debug|Any CPU
		{819F2448-3279-4042-BE33-B2C4B380C731}.Debug|x64.ActiveCfg = Debug|Any CPU
		{819F2448-3279-4042-BE33-B2C4B380C731}.Debug|x64.Build.0 = Debug|Any CPU
		{819F2448-3279-4042-BE33-B2C4B380C731}.Debug|x86.ActiveCfg = Debug|Any CPU
		{819F2448-3279-4042-BE33-B2C4B380C731}.Debug|x86.Build.0 = Debug|Any CPU
		{819F2448-3279-4042-BE33-B2C4B380C731}.Release|Any CPU.ActiveCfg = Release|Any CPU
		{819F2448-3279-4042-BE33-B2C4B380C731}.Release|Any CPU.Build.0 = Release|Any CPU
		{819F2448-3279-4042-BE33-B2C4B380C731}.Release|ARM.ActiveCfg = Release|Any CPU
		{819F2448-3279-4042-BE33-B2C4B380C731}.Release|ARM.Build.0 = Release|Any CPU
		{819F2448-3279-4042-BE33-B2C4B380C731}.Release|x64.ActiveCfg = Release|Any CPU
		{819F2448-3279-4042-BE33-B2C4B380C731}.Release|x64.Build.0 = Release|Any CPU
		{819F2448-3279-4042-BE33-B2C4B380C731}.Release|x86.ActiveCfg = Release|Any CPU
		{819F2448-3279-4042-BE33-B2C4B380C731}.Release|x86.Build.0 = Release|Any CPU
		{34ABFFD4-C2B4-4BE2-BD28-C8209BCA8DDF}.Debug|Any CPU.ActiveCfg = Debug|Any CPU
		{34ABFFD4-C2B4-4BE2-BD28-C8209BCA8DDF}.Debug|Any CPU.Build.0 = Debug|Any CPU
		{34ABFFD4-C2B4-4BE2-BD28-C8209BCA8DDF}.Debug|ARM.ActiveCfg = Debug|Any CPU
		{34ABFFD4-C2B4-4BE2-BD28-C8209BCA8DDF}.Debug|ARM.Build.0 = Debug|Any CPU
		{34ABFFD4-C2B4-4BE2-BD28-C8209BCA8DDF}.Debug|x64.ActiveCfg = Debug|Any CPU
		{34ABFFD4-C2B4-4BE2-BD28-C8209BCA8DDF}.Debug|x64.Build.0 = Debug|Any CPU
		{34ABFFD4-C2B4-4BE2-BD28-C8209BCA8DDF}.Debug|x86.ActiveCfg = Debug|Any CPU
		{34ABFFD4-C2B4-4BE2-BD28-C8209BCA8DDF}.Debug|x86.Build.0 = Debug|Any CPU
		{34ABFFD4-C2B4-4BE2-BD28-C8209BCA8DDF}.Release|Any CPU.ActiveCfg = Release|Any CPU
		{34ABFFD4-C2B4-4BE2-BD28-C8209BCA8DDF}.Release|Any CPU.Build.0 = Release|Any CPU
		{34ABFFD4-C2B4-4BE2-BD28-C8209BCA8DDF}.Release|ARM.ActiveCfg = Release|Any CPU
		{34ABFFD4-C2B4-4BE2-BD28-C8209BCA8DDF}.Release|ARM.Build.0 = Release|Any CPU
		{34ABFFD4-C2B4-4BE2-BD28-C8209BCA8DDF}.Release|x64.ActiveCfg = Release|Any CPU
		{34ABFFD4-C2B4-4BE2-BD28-C8209BCA8DDF}.Release|x64.Build.0 = Release|Any CPU
		{34ABFFD4-C2B4-4BE2-BD28-C8209BCA8DDF}.Release|x86.ActiveCfg = Release|Any CPU
		{34ABFFD4-C2B4-4BE2-BD28-C8209BCA8DDF}.Release|x86.Build.0 = Release|Any CPU
		{165FA0DB-23C7-42D2-AE07-28C5F2D03B19}.Debug|Any CPU.ActiveCfg = Debug|Any CPU
		{165FA0DB-23C7-42D2-AE07-28C5F2D03B19}.Debug|Any CPU.Build.0 = Debug|Any CPU
		{165FA0DB-23C7-42D2-AE07-28C5F2D03B19}.Debug|ARM.ActiveCfg = Debug|Any CPU
		{165FA0DB-23C7-42D2-AE07-28C5F2D03B19}.Debug|ARM.Build.0 = Debug|Any CPU
		{165FA0DB-23C7-42D2-AE07-28C5F2D03B19}.Debug|x64.ActiveCfg = Debug|Any CPU
		{165FA0DB-23C7-42D2-AE07-28C5F2D03B19}.Debug|x64.Build.0 = Debug|Any CPU
		{165FA0DB-23C7-42D2-AE07-28C5F2D03B19}.Debug|x86.ActiveCfg = Debug|Any CPU
		{165FA0DB-23C7-42D2-AE07-28C5F2D03B19}.Debug|x86.Build.0 = Debug|Any CPU
		{165FA0DB-23C7-42D2-AE07-28C5F2D03B19}.Release|Any CPU.ActiveCfg = Release|Any CPU
		{165FA0DB-23C7-42D2-AE07-28C5F2D03B19}.Release|Any CPU.Build.0 = Release|Any CPU
		{165FA0DB-23C7-42D2-AE07-28C5F2D03B19}.Release|ARM.ActiveCfg = Release|Any CPU
		{165FA0DB-23C7-42D2-AE07-28C5F2D03B19}.Release|ARM.Build.0 = Release|Any CPU
		{165FA0DB-23C7-42D2-AE07-28C5F2D03B19}.Release|x64.ActiveCfg = Release|Any CPU
		{165FA0DB-23C7-42D2-AE07-28C5F2D03B19}.Release|x64.Build.0 = Release|Any CPU
		{165FA0DB-23C7-42D2-AE07-28C5F2D03B19}.Release|x86.ActiveCfg = Release|Any CPU
		{165FA0DB-23C7-42D2-AE07-28C5F2D03B19}.Release|x86.Build.0 = Release|Any CPU
		{817877AB-2CD8-4D63-94AE-EA5EA659682D}.Debug|Any CPU.ActiveCfg = Debug|Any CPU
		{817877AB-2CD8-4D63-94AE-EA5EA659682D}.Debug|Any CPU.Build.0 = Debug|Any CPU
		{817877AB-2CD8-4D63-94AE-EA5EA659682D}.Debug|ARM.ActiveCfg = Debug|Any CPU
		{817877AB-2CD8-4D63-94AE-EA5EA659682D}.Debug|ARM.Build.0 = Debug|Any CPU
		{817877AB-2CD8-4D63-94AE-EA5EA659682D}.Debug|x64.ActiveCfg = Debug|Any CPU
		{817877AB-2CD8-4D63-94AE-EA5EA659682D}.Debug|x64.Build.0 = Debug|Any CPU
		{817877AB-2CD8-4D63-94AE-EA5EA659682D}.Debug|x86.ActiveCfg = Debug|Any CPU
		{817877AB-2CD8-4D63-94AE-EA5EA659682D}.Debug|x86.Build.0 = Debug|Any CPU
		{817877AB-2CD8-4D63-94AE-EA5EA659682D}.Release|Any CPU.ActiveCfg = Release|Any CPU
		{817877AB-2CD8-4D63-94AE-EA5EA659682D}.Release|Any CPU.Build.0 = Release|Any CPU
		{817877AB-2CD8-4D63-94AE-EA5EA659682D}.Release|ARM.ActiveCfg = Release|Any CPU
		{817877AB-2CD8-4D63-94AE-EA5EA659682D}.Release|ARM.Build.0 = Release|Any CPU
		{817877AB-2CD8-4D63-94AE-EA5EA659682D}.Release|x64.ActiveCfg = Release|Any CPU
		{817877AB-2CD8-4D63-94AE-EA5EA659682D}.Release|x64.Build.0 = Release|Any CPU
		{817877AB-2CD8-4D63-94AE-EA5EA659682D}.Release|x86.ActiveCfg = Release|Any CPU
		{817877AB-2CD8-4D63-94AE-EA5EA659682D}.Release|x86.Build.0 = Release|Any CPU
		{688C048B-13D8-4308-8A91-E88D2874C2BC}.Debug|Any CPU.ActiveCfg = Debug|Any CPU
		{688C048B-13D8-4308-8A91-E88D2874C2BC}.Debug|Any CPU.Build.0 = Debug|Any CPU
		{688C048B-13D8-4308-8A91-E88D2874C2BC}.Debug|ARM.ActiveCfg = Debug|Any CPU
		{688C048B-13D8-4308-8A91-E88D2874C2BC}.Debug|ARM.Build.0 = Debug|Any CPU
		{688C048B-13D8-4308-8A91-E88D2874C2BC}.Debug|x64.ActiveCfg = Debug|Any CPU
		{688C048B-13D8-4308-8A91-E88D2874C2BC}.Debug|x64.Build.0 = Debug|Any CPU
		{688C048B-13D8-4308-8A91-E88D2874C2BC}.Debug|x86.ActiveCfg = Debug|Any CPU
		{688C048B-13D8-4308-8A91-E88D2874C2BC}.Debug|x86.Build.0 = Debug|Any CPU
		{688C048B-13D8-4308-8A91-E88D2874C2BC}.Release|Any CPU.ActiveCfg = Release|Any CPU
		{688C048B-13D8-4308-8A91-E88D2874C2BC}.Release|Any CPU.Build.0 = Release|Any CPU
		{688C048B-13D8-4308-8A91-E88D2874C2BC}.Release|ARM.ActiveCfg = Release|Any CPU
		{688C048B-13D8-4308-8A91-E88D2874C2BC}.Release|ARM.Build.0 = Release|Any CPU
		{688C048B-13D8-4308-8A91-E88D2874C2BC}.Release|x64.ActiveCfg = Release|Any CPU
		{688C048B-13D8-4308-8A91-E88D2874C2BC}.Release|x64.Build.0 = Release|Any CPU
		{688C048B-13D8-4308-8A91-E88D2874C2BC}.Release|x86.ActiveCfg = Release|Any CPU
		{688C048B-13D8-4308-8A91-E88D2874C2BC}.Release|x86.Build.0 = Release|Any CPU
		{915FF097-E10B-40BE-A62D-AB46E2B9C75D}.Debug|Any CPU.ActiveCfg = Debug|Any CPU
		{915FF097-E10B-40BE-A62D-AB46E2B9C75D}.Debug|Any CPU.Build.0 = Debug|Any CPU
		{915FF097-E10B-40BE-A62D-AB46E2B9C75D}.Debug|ARM.ActiveCfg = Debug|Any CPU
		{915FF097-E10B-40BE-A62D-AB46E2B9C75D}.Debug|ARM.Build.0 = Debug|Any CPU
		{915FF097-E10B-40BE-A62D-AB46E2B9C75D}.Debug|x64.ActiveCfg = Debug|Any CPU
		{915FF097-E10B-40BE-A62D-AB46E2B9C75D}.Debug|x64.Build.0 = Debug|Any CPU
		{915FF097-E10B-40BE-A62D-AB46E2B9C75D}.Debug|x86.ActiveCfg = Debug|Any CPU
		{915FF097-E10B-40BE-A62D-AB46E2B9C75D}.Debug|x86.Build.0 = Debug|Any CPU
		{915FF097-E10B-40BE-A62D-AB46E2B9C75D}.Release|Any CPU.ActiveCfg = Release|Any CPU
		{915FF097-E10B-40BE-A62D-AB46E2B9C75D}.Release|Any CPU.Build.0 = Release|Any CPU
		{915FF097-E10B-40BE-A62D-AB46E2B9C75D}.Release|ARM.ActiveCfg = Release|Any CPU
		{915FF097-E10B-40BE-A62D-AB46E2B9C75D}.Release|ARM.Build.0 = Release|Any CPU
		{915FF097-E10B-40BE-A62D-AB46E2B9C75D}.Release|x64.ActiveCfg = Release|Any CPU
		{915FF097-E10B-40BE-A62D-AB46E2B9C75D}.Release|x64.Build.0 = Release|Any CPU
		{915FF097-E10B-40BE-A62D-AB46E2B9C75D}.Release|x86.ActiveCfg = Release|Any CPU
		{915FF097-E10B-40BE-A62D-AB46E2B9C75D}.Release|x86.Build.0 = Release|Any CPU
		{2AE3FF16-E61F-4AA4-8A65-336E84EC7427}.Debug|Any CPU.ActiveCfg = Debug|Any CPU
		{2AE3FF16-E61F-4AA4-8A65-336E84EC7427}.Debug|Any CPU.Build.0 = Debug|Any CPU
		{2AE3FF16-E61F-4AA4-8A65-336E84EC7427}.Debug|Any CPU.Deploy.0 = Debug|Any CPU
		{2AE3FF16-E61F-4AA4-8A65-336E84EC7427}.Debug|ARM.ActiveCfg = Debug|Any CPU
		{2AE3FF16-E61F-4AA4-8A65-336E84EC7427}.Debug|ARM.Build.0 = Debug|Any CPU
		{2AE3FF16-E61F-4AA4-8A65-336E84EC7427}.Debug|ARM.Deploy.0 = Debug|Any CPU
		{2AE3FF16-E61F-4AA4-8A65-336E84EC7427}.Debug|x64.ActiveCfg = Debug|Any CPU
		{2AE3FF16-E61F-4AA4-8A65-336E84EC7427}.Debug|x64.Build.0 = Debug|Any CPU
		{2AE3FF16-E61F-4AA4-8A65-336E84EC7427}.Debug|x64.Deploy.0 = Debug|Any CPU
		{2AE3FF16-E61F-4AA4-8A65-336E84EC7427}.Debug|x86.ActiveCfg = Debug|Any CPU
		{2AE3FF16-E61F-4AA4-8A65-336E84EC7427}.Debug|x86.Build.0 = Debug|Any CPU
		{2AE3FF16-E61F-4AA4-8A65-336E84EC7427}.Debug|x86.Deploy.0 = Debug|Any CPU
		{2AE3FF16-E61F-4AA4-8A65-336E84EC7427}.Release|Any CPU.ActiveCfg = Release|Any CPU
		{2AE3FF16-E61F-4AA4-8A65-336E84EC7427}.Release|Any CPU.Build.0 = Release|Any CPU
		{2AE3FF16-E61F-4AA4-8A65-336E84EC7427}.Release|Any CPU.Deploy.0 = Release|Any CPU
		{2AE3FF16-E61F-4AA4-8A65-336E84EC7427}.Release|ARM.ActiveCfg = Release|Any CPU
		{2AE3FF16-E61F-4AA4-8A65-336E84EC7427}.Release|ARM.Build.0 = Release|Any CPU
		{2AE3FF16-E61F-4AA4-8A65-336E84EC7427}.Release|ARM.Deploy.0 = Release|Any CPU
		{2AE3FF16-E61F-4AA4-8A65-336E84EC7427}.Release|x64.ActiveCfg = Release|Any CPU
		{2AE3FF16-E61F-4AA4-8A65-336E84EC7427}.Release|x64.Build.0 = Release|Any CPU
		{2AE3FF16-E61F-4AA4-8A65-336E84EC7427}.Release|x64.Deploy.0 = Release|Any CPU
		{2AE3FF16-E61F-4AA4-8A65-336E84EC7427}.Release|x86.ActiveCfg = Release|Any CPU
		{2AE3FF16-E61F-4AA4-8A65-336E84EC7427}.Release|x86.Build.0 = Release|Any CPU
		{2AE3FF16-E61F-4AA4-8A65-336E84EC7427}.Release|x86.Deploy.0 = Release|Any CPU
	EndGlobalSection
	GlobalSection(SolutionProperties) = preSolution
		HideSolutionNode = FALSE
	EndGlobalSection
	GlobalSection(NestedProjects) = preSolution
		{819F2448-3279-4042-BE33-B2C4B380C731} = {9D82AE4F-E132-4584-AC47-57048E859AB1}
		{34ABFFD4-C2B4-4BE2-BD28-C8209BCA8DDF} = {B43A7C49-BB30-4C2E-8568-1D9464F65092}
		{165FA0DB-23C7-42D2-AE07-28C5F2D03B19} = {B43A7C49-BB30-4C2E-8568-1D9464F65092}
		{817877AB-2CD8-4D63-94AE-EA5EA659682D} = {A76100BE-5998-4EF9-9B53-A5CA0F558C53}
		{688C048B-13D8-4308-8A91-E88D2874C2BC} = {9D82AE4F-E132-4584-AC47-57048E859AB1}
		{2AE3FF16-E61F-4AA4-8A65-336E84EC7427} = {B43A7C49-BB30-4C2E-8568-1D9464F65092}
	EndGlobalSection
EndGlobal
